// !$*UTF8*$!
{
	archiveVersion = 1;
	classes = {
	};
	objectVersion = 46;
	objects = {

/* Begin PBXBuildFile section */
		30361EBC1DA04F4600A33B99 /* Assets.xcassets in Resources */ = {isa = PBXBuildFile; fileRef = 30361EBB1DA04F4600A33B99 /* Assets.xcassets */; };
		30361EC31DA04F4600A33B99 /* MessagesExtension.appex in Embed App Extensions */ = {isa = PBXBuildFile; fileRef = 30361EC21DA04F4600A33B99 /* MessagesExtension.appex */; settings = {ATTRIBUTES = (RemoveHeadersOnCopy, ); }; };
		30361EC81DA04F4600A33B99 /* Messages.framework in Frameworks */ = {isa = PBXBuildFile; fileRef = 30361EC71DA04F4600A33B99 /* Messages.framework */; };
		30361ECB1DA04F4600A33B99 /* MessagesViewController.swift in Sources */ = {isa = PBXBuildFile; fileRef = 30361ECA1DA04F4600A33B99 /* MessagesViewController.swift */; };
		30361ECE1DA04F4600A33B99 /* MainInterface.storyboard in Resources */ = {isa = PBXBuildFile; fileRef = 30361ECC1DA04F4600A33B99 /* MainInterface.storyboard */; };
		30361ED01DA04F4600A33B99 /* Assets.xcassets in Resources */ = {isa = PBXBuildFile; fileRef = 30361ECF1DA04F4600A33B99 /* Assets.xcassets */; };
		30361EE51DA0501400A33B99 /* Assets in Resources */ = {isa = PBXBuildFile; fileRef = 30361EE41DA0501400A33B99 /* Assets */; };
		30361F411DA0506D00A33B99 /* jaricom.c in Sources */ = {isa = PBXBuildFile; fileRef = 30361EF41DA0506D00A33B99 /* jaricom.c */; };
		30361F421DA0506D00A33B99 /* jcapimin.c in Sources */ = {isa = PBXBuildFile; fileRef = 30361EF51DA0506D00A33B99 /* jcapimin.c */; };
		30361F431DA0506D00A33B99 /* jcapistd.c in Sources */ = {isa = PBXBuildFile; fileRef = 30361EF61DA0506D00A33B99 /* jcapistd.c */; };
		30361F441DA0506D00A33B99 /* jcarith.c in Sources */ = {isa = PBXBuildFile; fileRef = 30361EF71DA0506D00A33B99 /* jcarith.c */; };
		30361F451DA0506D00A33B99 /* jccoefct.c in Sources */ = {isa = PBXBuildFile; fileRef = 30361EF81DA0506D00A33B99 /* jccoefct.c */; };
		30361F461DA0506D00A33B99 /* jccolor.c in Sources */ = {isa = PBXBuildFile; fileRef = 30361EF91DA0506D00A33B99 /* jccolor.c */; };
		30361F471DA0506D00A33B99 /* jcdctmgr.c in Sources */ = {isa = PBXBuildFile; fileRef = 30361EFA1DA0506D00A33B99 /* jcdctmgr.c */; };
		30361F481DA0506D00A33B99 /* jchuff.c in Sources */ = {isa = PBXBuildFile; fileRef = 30361EFB1DA0506D00A33B99 /* jchuff.c */; };
		30361F491DA0506D00A33B99 /* jcinit.c in Sources */ = {isa = PBXBuildFile; fileRef = 30361EFC1DA0506D00A33B99 /* jcinit.c */; };
		30361F4A1DA0506D00A33B99 /* jcmainct.c in Sources */ = {isa = PBXBuildFile; fileRef = 30361EFD1DA0506D00A33B99 /* jcmainct.c */; };
		30361F4B1DA0506D00A33B99 /* jcmarker.c in Sources */ = {isa = PBXBuildFile; fileRef = 30361EFE1DA0506D00A33B99 /* jcmarker.c */; };
		30361F4C1DA0506D00A33B99 /* jcmaster.c in Sources */ = {isa = PBXBuildFile; fileRef = 30361EFF1DA0506D00A33B99 /* jcmaster.c */; };
		30361F4D1DA0506D00A33B99 /* jcomapi.c in Sources */ = {isa = PBXBuildFile; fileRef = 30361F001DA0506D00A33B99 /* jcomapi.c */; };
		30361F4E1DA0506D00A33B99 /* jcparam.c in Sources */ = {isa = PBXBuildFile; fileRef = 30361F021DA0506D00A33B99 /* jcparam.c */; };
		30361F4F1DA0506D00A33B99 /* jcprepct.c in Sources */ = {isa = PBXBuildFile; fileRef = 30361F031DA0506D00A33B99 /* jcprepct.c */; };
		30361F501DA0506D00A33B99 /* jcsample.c in Sources */ = {isa = PBXBuildFile; fileRef = 30361F041DA0506D00A33B99 /* jcsample.c */; };
		30361F511DA0506D00A33B99 /* jctrans.c in Sources */ = {isa = PBXBuildFile; fileRef = 30361F051DA0506D00A33B99 /* jctrans.c */; };
		30361F521DA0506D00A33B99 /* jdapimin.c in Sources */ = {isa = PBXBuildFile; fileRef = 30361F061DA0506D00A33B99 /* jdapimin.c */; };
		30361F531DA0506D00A33B99 /* jdapistd.c in Sources */ = {isa = PBXBuildFile; fileRef = 30361F071DA0506D00A33B99 /* jdapistd.c */; };
		30361F541DA0506D00A33B99 /* jdarith.c in Sources */ = {isa = PBXBuildFile; fileRef = 30361F081DA0506D00A33B99 /* jdarith.c */; };
		30361F551DA0506D00A33B99 /* jdatadst.c in Sources */ = {isa = PBXBuildFile; fileRef = 30361F091DA0506D00A33B99 /* jdatadst.c */; };
		30361F561DA0506D00A33B99 /* jdatasrc.c in Sources */ = {isa = PBXBuildFile; fileRef = 30361F0A1DA0506D00A33B99 /* jdatasrc.c */; };
		30361F571DA0506D00A33B99 /* jdcoefct.c in Sources */ = {isa = PBXBuildFile; fileRef = 30361F0B1DA0506D00A33B99 /* jdcoefct.c */; };
		30361F581DA0506D00A33B99 /* jdcolor.c in Sources */ = {isa = PBXBuildFile; fileRef = 30361F0C1DA0506D00A33B99 /* jdcolor.c */; };
		30361F591DA0506D00A33B99 /* jddctmgr.c in Sources */ = {isa = PBXBuildFile; fileRef = 30361F0E1DA0506D00A33B99 /* jddctmgr.c */; };
		30361F5A1DA0506D00A33B99 /* jdhuff.c in Sources */ = {isa = PBXBuildFile; fileRef = 30361F0F1DA0506D00A33B99 /* jdhuff.c */; };
		30361F5B1DA0506D00A33B99 /* jdinput.c in Sources */ = {isa = PBXBuildFile; fileRef = 30361F101DA0506D00A33B99 /* jdinput.c */; };
		30361F5C1DA0506D00A33B99 /* jdmainct.c in Sources */ = {isa = PBXBuildFile; fileRef = 30361F111DA0506D00A33B99 /* jdmainct.c */; };
		30361F5D1DA0506D00A33B99 /* jdmarker.c in Sources */ = {isa = PBXBuildFile; fileRef = 30361F121DA0506D00A33B99 /* jdmarker.c */; };
		30361F5E1DA0506D00A33B99 /* jdmaster.c in Sources */ = {isa = PBXBuildFile; fileRef = 30361F131DA0506D00A33B99 /* jdmaster.c */; };
		30361F5F1DA0506D00A33B99 /* jdmerge.c in Sources */ = {isa = PBXBuildFile; fileRef = 30361F141DA0506D00A33B99 /* jdmerge.c */; };
		30361F601DA0506D00A33B99 /* jdpostct.c in Sources */ = {isa = PBXBuildFile; fileRef = 30361F151DA0506D00A33B99 /* jdpostct.c */; };
		30361F611DA0506D00A33B99 /* jdsample.c in Sources */ = {isa = PBXBuildFile; fileRef = 30361F161DA0506D00A33B99 /* jdsample.c */; };
		30361F621DA0506D00A33B99 /* jdtrans.c in Sources */ = {isa = PBXBuildFile; fileRef = 30361F171DA0506D00A33B99 /* jdtrans.c */; };
		30361F631DA0506D00A33B99 /* jerror.c in Sources */ = {isa = PBXBuildFile; fileRef = 30361F181DA0506D00A33B99 /* jerror.c */; };
		30361F641DA0506D00A33B99 /* jfdctflt.c in Sources */ = {isa = PBXBuildFile; fileRef = 30361F1A1DA0506D00A33B99 /* jfdctflt.c */; };
		30361F651DA0506D00A33B99 /* jfdctfst.c in Sources */ = {isa = PBXBuildFile; fileRef = 30361F1B1DA0506D00A33B99 /* jfdctfst.c */; };
		30361F661DA0506D00A33B99 /* jfdctint.c in Sources */ = {isa = PBXBuildFile; fileRef = 30361F1C1DA0506D00A33B99 /* jfdctint.c */; };
		30361F671DA0506D00A33B99 /* jidctflt.c in Sources */ = {isa = PBXBuildFile; fileRef = 30361F1D1DA0506D00A33B99 /* jidctflt.c */; };
		30361F681DA0506D00A33B99 /* jidctfst.c in Sources */ = {isa = PBXBuildFile; fileRef = 30361F1E1DA0506D00A33B99 /* jidctfst.c */; };
		30361F691DA0506D00A33B99 /* jidctint.c in Sources */ = {isa = PBXBuildFile; fileRef = 30361F1F1DA0506D00A33B99 /* jidctint.c */; };
		30361F6A1DA0506D00A33B99 /* jmemansi.c in Sources */ = {isa = PBXBuildFile; fileRef = 30361F211DA0506D00A33B99 /* jmemansi.c */; };
		30361F6B1DA0506D00A33B99 /* jmemmgr.c in Sources */ = {isa = PBXBuildFile; fileRef = 30361F221DA0506D00A33B99 /* jmemmgr.c */; };
		30361F6C1DA0506D00A33B99 /* jquant1.c in Sources */ = {isa = PBXBuildFile; fileRef = 30361F271DA0506D00A33B99 /* jquant1.c */; };
		30361F6D1DA0506D00A33B99 /* jquant2.c in Sources */ = {isa = PBXBuildFile; fileRef = 30361F281DA0506D00A33B99 /* jquant2.c */; };
		30361F6E1DA0506D00A33B99 /* jutils.c in Sources */ = {isa = PBXBuildFile; fileRef = 30361F291DA0506D00A33B99 /* jutils.c */; };
		30361F6F1DA0506D00A33B99 /* png.c in Sources */ = {isa = PBXBuildFile; fileRef = 30361F2B1DA0506D00A33B99 /* png.c */; };
		30361F701DA0506D00A33B99 /* pngerror.c in Sources */ = {isa = PBXBuildFile; fileRef = 30361F2F1DA0506D00A33B99 /* pngerror.c */; };
		30361F711DA0506D00A33B99 /* pngget.c in Sources */ = {isa = PBXBuildFile; fileRef = 30361F301DA0506D00A33B99 /* pngget.c */; };
		30361F721DA0506D00A33B99 /* pngmem.c in Sources */ = {isa = PBXBuildFile; fileRef = 30361F331DA0506D00A33B99 /* pngmem.c */; };
		30361F731DA0506D00A33B99 /* pngpread.c in Sources */ = {isa = PBXBuildFile; fileRef = 30361F341DA0506D00A33B99 /* pngpread.c */; };
		30361F741DA0506D00A33B99 /* pngread.c in Sources */ = {isa = PBXBuildFile; fileRef = 30361F361DA0506D00A33B99 /* pngread.c */; };
		30361F751DA0506D00A33B99 /* pngrio.c in Sources */ = {isa = PBXBuildFile; fileRef = 30361F371DA0506D00A33B99 /* pngrio.c */; };
		30361F761DA0506D00A33B99 /* pngrtran.c in Sources */ = {isa = PBXBuildFile; fileRef = 30361F381DA0506D00A33B99 /* pngrtran.c */; };
		30361F771DA0506D00A33B99 /* pngrutil.c in Sources */ = {isa = PBXBuildFile; fileRef = 30361F391DA0506D00A33B99 /* pngrutil.c */; };
		30361F781DA0506D00A33B99 /* pngset.c in Sources */ = {isa = PBXBuildFile; fileRef = 30361F3A1DA0506D00A33B99 /* pngset.c */; };
		30361F791DA0506D00A33B99 /* pngtrans.c in Sources */ = {isa = PBXBuildFile; fileRef = 30361F3C1DA0506D00A33B99 /* pngtrans.c */; };
		30361F7A1DA0506D00A33B99 /* pngwio.c in Sources */ = {isa = PBXBuildFile; fileRef = 30361F3D1DA0506D00A33B99 /* pngwio.c */; };
		30361F7B1DA0506D00A33B99 /* pngwrite.c in Sources */ = {isa = PBXBuildFile; fileRef = 30361F3E1DA0506D00A33B99 /* pngwrite.c */; };
		30361F7C1DA0506D00A33B99 /* pngwtran.c in Sources */ = {isa = PBXBuildFile; fileRef = 30361F3F1DA0506D00A33B99 /* pngwtran.c */; };
		30361F7D1DA0506D00A33B99 /* pngwutil.c in Sources */ = {isa = PBXBuildFile; fileRef = 30361F401DA0506D00A33B99 /* pngwutil.c */; };
		30361F7F1DA0511E00A33B99 /* Assets in Resources */ = {isa = PBXBuildFile; fileRef = 30361EE41DA0501400A33B99 /* Assets */; };
		30361F801DA0522F00A33B99 /* Plasmacore.swift in Sources */ = {isa = PBXBuildFile; fileRef = 30361EDD1DA04FE700A33B99 /* Plasmacore.swift */; };
		30361F811DA0522F00A33B99 /* PlasmacoreMessage.swift in Sources */ = {isa = PBXBuildFile; fileRef = 30361EDE1DA04FE700A33B99 /* PlasmacoreMessage.swift */; };
		30361F821DA0522F00A33B99 /* PlasmacoreViewController-iOS.swift in Sources */ = {isa = PBXBuildFile; fileRef = 30361EDF1DA04FE700A33B99 /* PlasmacoreViewController-iOS.swift */; };
		30361F841DA0522F00A33B99 /* RogueInterface.mm in Sources */ = {isa = PBXBuildFile; fileRef = 30361EE11DA04FE700A33B99 /* RogueInterface.mm */; };
		30361F851DA0522F00A33B99 /* RogueProgram.cpp in Sources */ = {isa = PBXBuildFile; fileRef = 30361EE21DA04FE700A33B99 /* RogueProgram.cpp */; };
		30361F871DA052DA00A33B99 /* libImageIO.a in Frameworks */ = {isa = PBXBuildFile; fileRef = 30361EEA1DA0503400A33B99 /* libImageIO.a */; };
		30361F8B1DA052EE00A33B99 /* libz.tbd in Frameworks */ = {isa = PBXBuildFile; fileRef = 30361F8A1DA052EE00A33B99 /* libz.tbd */; };
/* End PBXBuildFile section */

/* Begin PBXContainerItemProxy section */
		30361EC41DA04F4600A33B99 /* PBXContainerItemProxy */ = {
			isa = PBXContainerItemProxy;
			containerPortal = 30361EB21DA04F4600A33B99 /* Project object */;
			proxyType = 1;
			remoteGlobalIDString = 30361EC11DA04F4600A33B99;
			remoteInfo = MessagesExtension;
		};
		30361F881DA052DD00A33B99 /* PBXContainerItemProxy */ = {
			isa = PBXContainerItemProxy;
			containerPortal = 30361EB21DA04F4600A33B99 /* Project object */;
			proxyType = 1;
			remoteGlobalIDString = 30361EE91DA0503400A33B99;
			remoteInfo = ImageIO;
		};
/* End PBXContainerItemProxy section */

/* Begin PBXCopyFilesBuildPhase section */
		30361ED71DA04F4600A33B99 /* Embed App Extensions */ = {
			isa = PBXCopyFilesBuildPhase;
			buildActionMask = 2147483647;
			dstPath = "";
			dstSubfolderSpec = 13;
			files = (
				30361EC31DA04F4600A33B99 /* MessagesExtension.appex in Embed App Extensions */,
			);
			name = "Embed App Extensions";
			runOnlyForDeploymentPostprocessing = 0;
		};
		30361EE81DA0503400A33B99 /* CopyFiles */ = {
			isa = PBXCopyFilesBuildPhase;
			buildActionMask = 2147483647;
			dstPath = "include/$(PRODUCT_NAME)";
			dstSubfolderSpec = 16;
			files = (
			);
			runOnlyForDeploymentPostprocessing = 0;
		};
/* End PBXCopyFilesBuildPhase section */

/* Begin PBXFileReference section */
		30361EB81DA04F4600A33B99 /* iOS-IMX-Project.app */ = {isa = PBXFileReference; explicitFileType = wrapper.application; includeInIndex = 0; path = "iOS-IMX-Project.app"; sourceTree = BUILT_PRODUCTS_DIR; };
		30361EBB1DA04F4600A33B99 /* Assets.xcassets */ = {isa = PBXFileReference; lastKnownFileType = folder.assetcatalog; path = Assets.xcassets; sourceTree = "<group>"; };
		30361EBD1DA04F4600A33B99 /* Info.plist */ = {isa = PBXFileReference; lastKnownFileType = text.plist.xml; path = Info.plist; sourceTree = "<group>"; };
		30361EC21DA04F4600A33B99 /* MessagesExtension.appex */ = {isa = PBXFileReference; explicitFileType = "wrapper.app-extension"; includeInIndex = 0; path = MessagesExtension.appex; sourceTree = BUILT_PRODUCTS_DIR; };
		30361EC71DA04F4600A33B99 /* Messages.framework */ = {isa = PBXFileReference; lastKnownFileType = wrapper.framework; name = Messages.framework; path = System/Library/Frameworks/Messages.framework; sourceTree = SDKROOT; };
		30361ECA1DA04F4600A33B99 /* MessagesViewController.swift */ = {isa = PBXFileReference; lastKnownFileType = sourcecode.swift; path = MessagesViewController.swift; sourceTree = "<group>"; };
		30361ECD1DA04F4600A33B99 /* Base */ = {isa = PBXFileReference; lastKnownFileType = file.storyboard; name = Base; path = Base.lproj/MainInterface.storyboard; sourceTree = "<group>"; };
		30361ECF1DA04F4600A33B99 /* Assets.xcassets */ = {isa = PBXFileReference; lastKnownFileType = folder.assetcatalog; path = Assets.xcassets; sourceTree = "<group>"; };
		30361ED11DA04F4600A33B99 /* Info.plist */ = {isa = PBXFileReference; lastKnownFileType = text.plist.xml; path = Info.plist; sourceTree = "<group>"; };
		30361EDC1DA04FE700A33B99 /* iOS-IMX-Project-Bridging-Header.h */ = {isa = PBXFileReference; lastKnownFileType = sourcecode.c.h; path = "iOS-IMX-Project-Bridging-Header.h"; sourceTree = SOURCE_ROOT; };
		30361EDD1DA04FE700A33B99 /* Plasmacore.swift */ = {isa = PBXFileReference; fileEncoding = 4; lastKnownFileType = sourcecode.swift; name = Plasmacore.swift; path = ../../Build/iOS/Source/Plasmacore.swift; sourceTree = "<group>"; };
		30361EDE1DA04FE700A33B99 /* PlasmacoreMessage.swift */ = {isa = PBXFileReference; fileEncoding = 4; lastKnownFileType = sourcecode.swift; name = PlasmacoreMessage.swift; path = ../../Build/iOS/Source/PlasmacoreMessage.swift; sourceTree = "<group>"; };
		30361EDF1DA04FE700A33B99 /* PlasmacoreViewController-iOS.swift */ = {isa = PBXFileReference; fileEncoding = 4; lastKnownFileType = sourcecode.swift; name = "PlasmacoreViewController-iOS.swift"; path = "../../Build/iOS/Source/PlasmacoreViewController-iOS.swift"; sourceTree = "<group>"; };
		30361EE01DA04FE700A33B99 /* RogueInterface.h */ = {isa = PBXFileReference; fileEncoding = 4; lastKnownFileType = sourcecode.c.h; name = RogueInterface.h; path = ../../Build/iOS/Source/RogueInterface.h; sourceTree = "<group>"; };
		30361EE11DA04FE700A33B99 /* RogueInterface.mm */ = {isa = PBXFileReference; fileEncoding = 4; lastKnownFileType = sourcecode.cpp.objcpp; name = RogueInterface.mm; path = ../../Build/iOS/Source/RogueInterface.mm; sourceTree = "<group>"; };
		30361EE21DA04FE700A33B99 /* RogueProgram.cpp */ = {isa = PBXFileReference; fileEncoding = 4; lastKnownFileType = sourcecode.cpp.cpp; name = RogueProgram.cpp; path = ../../Build/iOS/Source/RogueProgram.cpp; sourceTree = "<group>"; };
		30361EE31DA04FE700A33B99 /* RogueProgram.h */ = {isa = PBXFileReference; fileEncoding = 4; lastKnownFileType = sourcecode.c.h; name = RogueProgram.h; path = ../../Build/iOS/Source/RogueProgram.h; sourceTree = "<group>"; };
		30361EE41DA0501400A33B99 /* Assets */ = {isa = PBXFileReference; lastKnownFileType = folder; name = Assets; path = ../../../Build/iOS/Assets; sourceTree = "<group>"; };
		30361EEA1DA0503400A33B99 /* libImageIO.a */ = {isa = PBXFileReference; explicitFileType = archive.ar; includeInIndex = 0; path = libImageIO.a; sourceTree = BUILT_PRODUCTS_DIR; };
		30361EF41DA0506D00A33B99 /* jaricom.c */ = {isa = PBXFileReference; fileEncoding = 4; lastKnownFileType = sourcecode.c.c; name = jaricom.c; path = ../../../Libraries/ImageIO/Source/jaricom.c; sourceTree = "<group>"; };
		30361EF51DA0506D00A33B99 /* jcapimin.c */ = {isa = PBXFileReference; fileEncoding = 4; lastKnownFileType = sourcecode.c.c; name = jcapimin.c; path = ../../../Libraries/ImageIO/Source/jcapimin.c; sourceTree = "<group>"; };
		30361EF61DA0506D00A33B99 /* jcapistd.c */ = {isa = PBXFileReference; fileEncoding = 4; lastKnownFileType = sourcecode.c.c; name = jcapistd.c; path = ../../../Libraries/ImageIO/Source/jcapistd.c; sourceTree = "<group>"; };
		30361EF71DA0506D00A33B99 /* jcarith.c */ = {isa = PBXFileReference; fileEncoding = 4; lastKnownFileType = sourcecode.c.c; name = jcarith.c; path = ../../../Libraries/ImageIO/Source/jcarith.c; sourceTree = "<group>"; };
		30361EF81DA0506D00A33B99 /* jccoefct.c */ = {isa = PBXFileReference; fileEncoding = 4; lastKnownFileType = sourcecode.c.c; name = jccoefct.c; path = ../../../Libraries/ImageIO/Source/jccoefct.c; sourceTree = "<group>"; };
		30361EF91DA0506D00A33B99 /* jccolor.c */ = {isa = PBXFileReference; fileEncoding = 4; lastKnownFileType = sourcecode.c.c; name = jccolor.c; path = ../../../Libraries/ImageIO/Source/jccolor.c; sourceTree = "<group>"; };
		30361EFA1DA0506D00A33B99 /* jcdctmgr.c */ = {isa = PBXFileReference; fileEncoding = 4; lastKnownFileType = sourcecode.c.c; name = jcdctmgr.c; path = ../../../Libraries/ImageIO/Source/jcdctmgr.c; sourceTree = "<group>"; };
		30361EFB1DA0506D00A33B99 /* jchuff.c */ = {isa = PBXFileReference; fileEncoding = 4; lastKnownFileType = sourcecode.c.c; name = jchuff.c; path = ../../../Libraries/ImageIO/Source/jchuff.c; sourceTree = "<group>"; };
		30361EFC1DA0506D00A33B99 /* jcinit.c */ = {isa = PBXFileReference; fileEncoding = 4; lastKnownFileType = sourcecode.c.c; name = jcinit.c; path = ../../../Libraries/ImageIO/Source/jcinit.c; sourceTree = "<group>"; };
		30361EFD1DA0506D00A33B99 /* jcmainct.c */ = {isa = PBXFileReference; fileEncoding = 4; lastKnownFileType = sourcecode.c.c; name = jcmainct.c; path = ../../../Libraries/ImageIO/Source/jcmainct.c; sourceTree = "<group>"; };
		30361EFE1DA0506D00A33B99 /* jcmarker.c */ = {isa = PBXFileReference; fileEncoding = 4; lastKnownFileType = sourcecode.c.c; name = jcmarker.c; path = ../../../Libraries/ImageIO/Source/jcmarker.c; sourceTree = "<group>"; };
		30361EFF1DA0506D00A33B99 /* jcmaster.c */ = {isa = PBXFileReference; fileEncoding = 4; lastKnownFileType = sourcecode.c.c; name = jcmaster.c; path = ../../../Libraries/ImageIO/Source/jcmaster.c; sourceTree = "<group>"; };
		30361F001DA0506D00A33B99 /* jcomapi.c */ = {isa = PBXFileReference; fileEncoding = 4; lastKnownFileType = sourcecode.c.c; name = jcomapi.c; path = ../../../Libraries/ImageIO/Source/jcomapi.c; sourceTree = "<group>"; };
		30361F011DA0506D00A33B99 /* jconfig.h */ = {isa = PBXFileReference; fileEncoding = 4; lastKnownFileType = sourcecode.c.h; name = jconfig.h; path = ../../../Libraries/ImageIO/Source/jconfig.h; sourceTree = "<group>"; };
		30361F021DA0506D00A33B99 /* jcparam.c */ = {isa = PBXFileReference; fileEncoding = 4; lastKnownFileType = sourcecode.c.c; name = jcparam.c; path = ../../../Libraries/ImageIO/Source/jcparam.c; sourceTree = "<group>"; };
		30361F031DA0506D00A33B99 /* jcprepct.c */ = {isa = PBXFileReference; fileEncoding = 4; lastKnownFileType = sourcecode.c.c; name = jcprepct.c; path = ../../../Libraries/ImageIO/Source/jcprepct.c; sourceTree = "<group>"; };
		30361F041DA0506D00A33B99 /* jcsample.c */ = {isa = PBXFileReference; fileEncoding = 4; lastKnownFileType = sourcecode.c.c; name = jcsample.c; path = ../../../Libraries/ImageIO/Source/jcsample.c; sourceTree = "<group>"; };
		30361F051DA0506D00A33B99 /* jctrans.c */ = {isa = PBXFileReference; fileEncoding = 4; lastKnownFileType = sourcecode.c.c; name = jctrans.c; path = ../../../Libraries/ImageIO/Source/jctrans.c; sourceTree = "<group>"; };
		30361F061DA0506D00A33B99 /* jdapimin.c */ = {isa = PBXFileReference; fileEncoding = 4; lastKnownFileType = sourcecode.c.c; name = jdapimin.c; path = ../../../Libraries/ImageIO/Source/jdapimin.c; sourceTree = "<group>"; };
		30361F071DA0506D00A33B99 /* jdapistd.c */ = {isa = PBXFileReference; fileEncoding = 4; lastKnownFileType = sourcecode.c.c; name = jdapistd.c; path = ../../../Libraries/ImageIO/Source/jdapistd.c; sourceTree = "<group>"; };
		30361F081DA0506D00A33B99 /* jdarith.c */ = {isa = PBXFileReference; fileEncoding = 4; lastKnownFileType = sourcecode.c.c; name = jdarith.c; path = ../../../Libraries/ImageIO/Source/jdarith.c; sourceTree = "<group>"; };
		30361F091DA0506D00A33B99 /* jdatadst.c */ = {isa = PBXFileReference; fileEncoding = 4; lastKnownFileType = sourcecode.c.c; name = jdatadst.c; path = ../../../Libraries/ImageIO/Source/jdatadst.c; sourceTree = "<group>"; };
		30361F0A1DA0506D00A33B99 /* jdatasrc.c */ = {isa = PBXFileReference; fileEncoding = 4; lastKnownFileType = sourcecode.c.c; name = jdatasrc.c; path = ../../../Libraries/ImageIO/Source/jdatasrc.c; sourceTree = "<group>"; };
		30361F0B1DA0506D00A33B99 /* jdcoefct.c */ = {isa = PBXFileReference; fileEncoding = 4; lastKnownFileType = sourcecode.c.c; name = jdcoefct.c; path = ../../../Libraries/ImageIO/Source/jdcoefct.c; sourceTree = "<group>"; };
		30361F0C1DA0506D00A33B99 /* jdcolor.c */ = {isa = PBXFileReference; fileEncoding = 4; lastKnownFileType = sourcecode.c.c; name = jdcolor.c; path = ../../../Libraries/ImageIO/Source/jdcolor.c; sourceTree = "<group>"; };
		30361F0D1DA0506D00A33B99 /* jdct.h */ = {isa = PBXFileReference; fileEncoding = 4; lastKnownFileType = sourcecode.c.h; name = jdct.h; path = ../../../Libraries/ImageIO/Source/jdct.h; sourceTree = "<group>"; };
		30361F0E1DA0506D00A33B99 /* jddctmgr.c */ = {isa = PBXFileReference; fileEncoding = 4; lastKnownFileType = sourcecode.c.c; name = jddctmgr.c; path = ../../../Libraries/ImageIO/Source/jddctmgr.c; sourceTree = "<group>"; };
		30361F0F1DA0506D00A33B99 /* jdhuff.c */ = {isa = PBXFileReference; fileEncoding = 4; lastKnownFileType = sourcecode.c.c; name = jdhuff.c; path = ../../../Libraries/ImageIO/Source/jdhuff.c; sourceTree = "<group>"; };
		30361F101DA0506D00A33B99 /* jdinput.c */ = {isa = PBXFileReference; fileEncoding = 4; lastKnownFileType = sourcecode.c.c; name = jdinput.c; path = ../../../Libraries/ImageIO/Source/jdinput.c; sourceTree = "<group>"; };
		30361F111DA0506D00A33B99 /* jdmainct.c */ = {isa = PBXFileReference; fileEncoding = 4; lastKnownFileType = sourcecode.c.c; name = jdmainct.c; path = ../../../Libraries/ImageIO/Source/jdmainct.c; sourceTree = "<group>"; };
		30361F121DA0506D00A33B99 /* jdmarker.c */ = {isa = PBXFileReference; fileEncoding = 4; lastKnownFileType = sourcecode.c.c; name = jdmarker.c; path = ../../../Libraries/ImageIO/Source/jdmarker.c; sourceTree = "<group>"; };
		30361F131DA0506D00A33B99 /* jdmaster.c */ = {isa = PBXFileReference; fileEncoding = 4; lastKnownFileType = sourcecode.c.c; name = jdmaster.c; path = ../../../Libraries/ImageIO/Source/jdmaster.c; sourceTree = "<group>"; };
		30361F141DA0506D00A33B99 /* jdmerge.c */ = {isa = PBXFileReference; fileEncoding = 4; lastKnownFileType = sourcecode.c.c; name = jdmerge.c; path = ../../../Libraries/ImageIO/Source/jdmerge.c; sourceTree = "<group>"; };
		30361F151DA0506D00A33B99 /* jdpostct.c */ = {isa = PBXFileReference; fileEncoding = 4; lastKnownFileType = sourcecode.c.c; name = jdpostct.c; path = ../../../Libraries/ImageIO/Source/jdpostct.c; sourceTree = "<group>"; };
		30361F161DA0506D00A33B99 /* jdsample.c */ = {isa = PBXFileReference; fileEncoding = 4; lastKnownFileType = sourcecode.c.c; name = jdsample.c; path = ../../../Libraries/ImageIO/Source/jdsample.c; sourceTree = "<group>"; };
		30361F171DA0506D00A33B99 /* jdtrans.c */ = {isa = PBXFileReference; fileEncoding = 4; lastKnownFileType = sourcecode.c.c; name = jdtrans.c; path = ../../../Libraries/ImageIO/Source/jdtrans.c; sourceTree = "<group>"; };
		30361F181DA0506D00A33B99 /* jerror.c */ = {isa = PBXFileReference; fileEncoding = 4; lastKnownFileType = sourcecode.c.c; name = jerror.c; path = ../../../Libraries/ImageIO/Source/jerror.c; sourceTree = "<group>"; };
		30361F191DA0506D00A33B99 /* jerror.h */ = {isa = PBXFileReference; fileEncoding = 4; lastKnownFileType = sourcecode.c.h; name = jerror.h; path = ../../../Libraries/ImageIO/Source/jerror.h; sourceTree = "<group>"; };
		30361F1A1DA0506D00A33B99 /* jfdctflt.c */ = {isa = PBXFileReference; fileEncoding = 4; lastKnownFileType = sourcecode.c.c; name = jfdctflt.c; path = ../../../Libraries/ImageIO/Source/jfdctflt.c; sourceTree = "<group>"; };
		30361F1B1DA0506D00A33B99 /* jfdctfst.c */ = {isa = PBXFileReference; fileEncoding = 4; lastKnownFileType = sourcecode.c.c; name = jfdctfst.c; path = ../../../Libraries/ImageIO/Source/jfdctfst.c; sourceTree = "<group>"; };
		30361F1C1DA0506D00A33B99 /* jfdctint.c */ = {isa = PBXFileReference; fileEncoding = 4; lastKnownFileType = sourcecode.c.c; name = jfdctint.c; path = ../../../Libraries/ImageIO/Source/jfdctint.c; sourceTree = "<group>"; };
		30361F1D1DA0506D00A33B99 /* jidctflt.c */ = {isa = PBXFileReference; fileEncoding = 4; lastKnownFileType = sourcecode.c.c; name = jidctflt.c; path = ../../../Libraries/ImageIO/Source/jidctflt.c; sourceTree = "<group>"; };
		30361F1E1DA0506D00A33B99 /* jidctfst.c */ = {isa = PBXFileReference; fileEncoding = 4; lastKnownFileType = sourcecode.c.c; name = jidctfst.c; path = ../../../Libraries/ImageIO/Source/jidctfst.c; sourceTree = "<group>"; };
		30361F1F1DA0506D00A33B99 /* jidctint.c */ = {isa = PBXFileReference; fileEncoding = 4; lastKnownFileType = sourcecode.c.c; name = jidctint.c; path = ../../../Libraries/ImageIO/Source/jidctint.c; sourceTree = "<group>"; };
		30361F201DA0506D00A33B99 /* jinclude.h */ = {isa = PBXFileReference; fileEncoding = 4; lastKnownFileType = sourcecode.c.h; name = jinclude.h; path = ../../../Libraries/ImageIO/Source/jinclude.h; sourceTree = "<group>"; };
		30361F211DA0506D00A33B99 /* jmemansi.c */ = {isa = PBXFileReference; fileEncoding = 4; lastKnownFileType = sourcecode.c.c; name = jmemansi.c; path = ../../../Libraries/ImageIO/Source/jmemansi.c; sourceTree = "<group>"; };
		30361F221DA0506D00A33B99 /* jmemmgr.c */ = {isa = PBXFileReference; fileEncoding = 4; lastKnownFileType = sourcecode.c.c; name = jmemmgr.c; path = ../../../Libraries/ImageIO/Source/jmemmgr.c; sourceTree = "<group>"; };
		30361F231DA0506D00A33B99 /* jmemsys.h */ = {isa = PBXFileReference; fileEncoding = 4; lastKnownFileType = sourcecode.c.h; name = jmemsys.h; path = ../../../Libraries/ImageIO/Source/jmemsys.h; sourceTree = "<group>"; };
		30361F241DA0506D00A33B99 /* jmorecfg.h */ = {isa = PBXFileReference; fileEncoding = 4; lastKnownFileType = sourcecode.c.h; name = jmorecfg.h; path = ../../../Libraries/ImageIO/Source/jmorecfg.h; sourceTree = "<group>"; };
		30361F251DA0506D00A33B99 /* jpegint.h */ = {isa = PBXFileReference; fileEncoding = 4; lastKnownFileType = sourcecode.c.h; name = jpegint.h; path = ../../../Libraries/ImageIO/Source/jpegint.h; sourceTree = "<group>"; };
		30361F261DA0506D00A33B99 /* jpeglib.h */ = {isa = PBXFileReference; fileEncoding = 4; lastKnownFileType = sourcecode.c.h; name = jpeglib.h; path = ../../../Libraries/ImageIO/Source/jpeglib.h; sourceTree = "<group>"; };
		30361F271DA0506D00A33B99 /* jquant1.c */ = {isa = PBXFileReference; fileEncoding = 4; lastKnownFileType = sourcecode.c.c; name = jquant1.c; path = ../../../Libraries/ImageIO/Source/jquant1.c; sourceTree = "<group>"; };
		30361F281DA0506D00A33B99 /* jquant2.c */ = {isa = PBXFileReference; fileEncoding = 4; lastKnownFileType = sourcecode.c.c; name = jquant2.c; path = ../../../Libraries/ImageIO/Source/jquant2.c; sourceTree = "<group>"; };
		30361F291DA0506D00A33B99 /* jutils.c */ = {isa = PBXFileReference; fileEncoding = 4; lastKnownFileType = sourcecode.c.c; name = jutils.c; path = ../../../Libraries/ImageIO/Source/jutils.c; sourceTree = "<group>"; };
		30361F2A1DA0506D00A33B99 /* jversion.h */ = {isa = PBXFileReference; fileEncoding = 4; lastKnownFileType = sourcecode.c.h; name = jversion.h; path = ../../../Libraries/ImageIO/Source/jversion.h; sourceTree = "<group>"; };
		30361F2B1DA0506D00A33B99 /* png.c */ = {isa = PBXFileReference; fileEncoding = 4; lastKnownFileType = sourcecode.c.c; name = png.c; path = ../../../Libraries/ImageIO/Source/png.c; sourceTree = "<group>"; };
		30361F2C1DA0506D00A33B99 /* png.h */ = {isa = PBXFileReference; fileEncoding = 4; lastKnownFileType = sourcecode.c.h; name = png.h; path = ../../../Libraries/ImageIO/Source/png.h; sourceTree = "<group>"; };
		30361F2D1DA0506D00A33B99 /* pngconf.h */ = {isa = PBXFileReference; fileEncoding = 4; lastKnownFileType = sourcecode.c.h; name = pngconf.h; path = ../../../Libraries/ImageIO/Source/pngconf.h; sourceTree = "<group>"; };
		30361F2E1DA0506D00A33B99 /* pngdebug.h */ = {isa = PBXFileReference; fileEncoding = 4; lastKnownFileType = sourcecode.c.h; name = pngdebug.h; path = ../../../Libraries/ImageIO/Source/pngdebug.h; sourceTree = "<group>"; };
		30361F2F1DA0506D00A33B99 /* pngerror.c */ = {isa = PBXFileReference; fileEncoding = 4; lastKnownFileType = sourcecode.c.c; name = pngerror.c; path = ../../../Libraries/ImageIO/Source/pngerror.c; sourceTree = "<group>"; };
		30361F301DA0506D00A33B99 /* pngget.c */ = {isa = PBXFileReference; fileEncoding = 4; lastKnownFileType = sourcecode.c.c; name = pngget.c; path = ../../../Libraries/ImageIO/Source/pngget.c; sourceTree = "<group>"; };
		30361F311DA0506D00A33B99 /* pnginfo.h */ = {isa = PBXFileReference; fileEncoding = 4; lastKnownFileType = sourcecode.c.h; name = pnginfo.h; path = ../../../Libraries/ImageIO/Source/pnginfo.h; sourceTree = "<group>"; };
		30361F321DA0506D00A33B99 /* pnglibconf.h */ = {isa = PBXFileReference; fileEncoding = 4; lastKnownFileType = sourcecode.c.h; name = pnglibconf.h; path = ../../../Libraries/ImageIO/Source/pnglibconf.h; sourceTree = "<group>"; };
		30361F331DA0506D00A33B99 /* pngmem.c */ = {isa = PBXFileReference; fileEncoding = 4; lastKnownFileType = sourcecode.c.c; name = pngmem.c; path = ../../../Libraries/ImageIO/Source/pngmem.c; sourceTree = "<group>"; };
		30361F341DA0506D00A33B99 /* pngpread.c */ = {isa = PBXFileReference; fileEncoding = 4; lastKnownFileType = sourcecode.c.c; name = pngpread.c; path = ../../../Libraries/ImageIO/Source/pngpread.c; sourceTree = "<group>"; };
		30361F351DA0506D00A33B99 /* pngpriv.h */ = {isa = PBXFileReference; fileEncoding = 4; lastKnownFileType = sourcecode.c.h; name = pngpriv.h; path = ../../../Libraries/ImageIO/Source/pngpriv.h; sourceTree = "<group>"; };
		30361F361DA0506D00A33B99 /* pngread.c */ = {isa = PBXFileReference; fileEncoding = 4; lastKnownFileType = sourcecode.c.c; name = pngread.c; path = ../../../Libraries/ImageIO/Source/pngread.c; sourceTree = "<group>"; };
		30361F371DA0506D00A33B99 /* pngrio.c */ = {isa = PBXFileReference; fileEncoding = 4; lastKnownFileType = sourcecode.c.c; name = pngrio.c; path = ../../../Libraries/ImageIO/Source/pngrio.c; sourceTree = "<group>"; };
		30361F381DA0506D00A33B99 /* pngrtran.c */ = {isa = PBXFileReference; fileEncoding = 4; lastKnownFileType = sourcecode.c.c; name = pngrtran.c; path = ../../../Libraries/ImageIO/Source/pngrtran.c; sourceTree = "<group>"; };
		30361F391DA0506D00A33B99 /* pngrutil.c */ = {isa = PBXFileReference; fileEncoding = 4; lastKnownFileType = sourcecode.c.c; name = pngrutil.c; path = ../../../Libraries/ImageIO/Source/pngrutil.c; sourceTree = "<group>"; };
		30361F3A1DA0506D00A33B99 /* pngset.c */ = {isa = PBXFileReference; fileEncoding = 4; lastKnownFileType = sourcecode.c.c; name = pngset.c; path = ../../../Libraries/ImageIO/Source/pngset.c; sourceTree = "<group>"; };
		30361F3B1DA0506D00A33B99 /* pngstruct.h */ = {isa = PBXFileReference; fileEncoding = 4; lastKnownFileType = sourcecode.c.h; name = pngstruct.h; path = ../../../Libraries/ImageIO/Source/pngstruct.h; sourceTree = "<group>"; };
		30361F3C1DA0506D00A33B99 /* pngtrans.c */ = {isa = PBXFileReference; fileEncoding = 4; lastKnownFileType = sourcecode.c.c; name = pngtrans.c; path = ../../../Libraries/ImageIO/Source/pngtrans.c; sourceTree = "<group>"; };
		30361F3D1DA0506D00A33B99 /* pngwio.c */ = {isa = PBXFileReference; fileEncoding = 4; lastKnownFileType = sourcecode.c.c; name = pngwio.c; path = ../../../Libraries/ImageIO/Source/pngwio.c; sourceTree = "<group>"; };
		30361F3E1DA0506D00A33B99 /* pngwrite.c */ = {isa = PBXFileReference; fileEncoding = 4; lastKnownFileType = sourcecode.c.c; name = pngwrite.c; path = ../../../Libraries/ImageIO/Source/pngwrite.c; sourceTree = "<group>"; };
		30361F3F1DA0506D00A33B99 /* pngwtran.c */ = {isa = PBXFileReference; fileEncoding = 4; lastKnownFileType = sourcecode.c.c; name = pngwtran.c; path = ../../../Libraries/ImageIO/Source/pngwtran.c; sourceTree = "<group>"; };
		30361F401DA0506D00A33B99 /* pngwutil.c */ = {isa = PBXFileReference; fileEncoding = 4; lastKnownFileType = sourcecode.c.c; name = pngwutil.c; path = ../../../Libraries/ImageIO/Source/pngwutil.c; sourceTree = "<group>"; };
		30361F8A1DA052EE00A33B99 /* libz.tbd */ = {isa = PBXFileReference; lastKnownFileType = "sourcecode.text-based-dylib-definition"; name = libz.tbd; path = usr/lib/libz.tbd; sourceTree = SDKROOT; };
/* End PBXFileReference section */

/* Begin PBXFrameworksBuildPhase section */
		30361EBF1DA04F4600A33B99 /* Frameworks */ = {
			isa = PBXFrameworksBuildPhase;
			buildActionMask = 2147483647;
			files = (
				30361F8B1DA052EE00A33B99 /* libz.tbd in Frameworks */,
				30361F871DA052DA00A33B99 /* libImageIO.a in Frameworks */,
				30361EC81DA04F4600A33B99 /* Messages.framework in Frameworks */,
			);
			runOnlyForDeploymentPostprocessing = 0;
		};
		30361EE71DA0503400A33B99 /* Frameworks */ = {
			isa = PBXFrameworksBuildPhase;
			buildActionMask = 2147483647;
			files = (
			);
			runOnlyForDeploymentPostprocessing = 0;
		};
/* End PBXFrameworksBuildPhase section */

/* Begin PBXGroup section */
		30361EB11DA04F4600A33B99 = {
			isa = PBXGroup;
			children = (
				30361EBA1DA04F4600A33B99 /* iOS-IMX-Project */,
				30361EC91DA04F4600A33B99 /* MessagesExtension */,
				30361EDB1DA04FC400A33B99 /* Plasmacore */,
				30361EEB1DA0503400A33B99 /* ImageIO */,
				30361EC61DA04F4600A33B99 /* Frameworks */,
				30361EB91DA04F4600A33B99 /* Products */,
			);
			sourceTree = "<group>";
		};
		30361EB91DA04F4600A33B99 /* Products */ = {
			isa = PBXGroup;
			children = (
				30361EB81DA04F4600A33B99 /* iOS-IMX-Project.app */,
				30361EC21DA04F4600A33B99 /* MessagesExtension.appex */,
				30361EEA1DA0503400A33B99 /* libImageIO.a */,
			);
			name = Products;
			sourceTree = "<group>";
		};
		30361EBA1DA04F4600A33B99 /* iOS-IMX-Project */ = {
			isa = PBXGroup;
			children = (
				30361EBB1DA04F4600A33B99 /* Assets.xcassets */,
				30361EBD1DA04F4600A33B99 /* Info.plist */,
			);
			path = "iOS-IMX-Project";
			sourceTree = "<group>";
		};
		30361EC61DA04F4600A33B99 /* Frameworks */ = {
			isa = PBXGroup;
			children = (
				30361F8A1DA052EE00A33B99 /* libz.tbd */,
				30361EC71DA04F4600A33B99 /* Messages.framework */,
			);
			name = Frameworks;
			sourceTree = "<group>";
		};
		30361EC91DA04F4600A33B99 /* MessagesExtension */ = {
			isa = PBXGroup;
			children = (
				30361EE41DA0501400A33B99 /* Assets */,
				30361ECA1DA04F4600A33B99 /* MessagesViewController.swift */,
				30361ECC1DA04F4600A33B99 /* MainInterface.storyboard */,
				30361ECF1DA04F4600A33B99 /* Assets.xcassets */,
				30361ED11DA04F4600A33B99 /* Info.plist */,
				30361EDC1DA04FE700A33B99 /* iOS-IMX-Project-Bridging-Header.h */,
			);
			path = MessagesExtension;
			sourceTree = "<group>";
		};
		30361EDB1DA04FC400A33B99 /* Plasmacore */ = {
			isa = PBXGroup;
			children = (
				30361EDD1DA04FE700A33B99 /* Plasmacore.swift */,
				30361EDE1DA04FE700A33B99 /* PlasmacoreMessage.swift */,
				30361EDF1DA04FE700A33B99 /* PlasmacoreViewController-iOS.swift */,
				30361EE01DA04FE700A33B99 /* RogueInterface.h */,
				30361EE11DA04FE700A33B99 /* RogueInterface.mm */,
				30361EE21DA04FE700A33B99 /* RogueProgram.cpp */,
				30361EE31DA04FE700A33B99 /* RogueProgram.h */,
			);
			name = Plasmacore;
			sourceTree = "<group>";
		};
		30361EEB1DA0503400A33B99 /* ImageIO */ = {
			isa = PBXGroup;
			children = (
				30361EF41DA0506D00A33B99 /* jaricom.c */,
				30361EF51DA0506D00A33B99 /* jcapimin.c */,
				30361EF61DA0506D00A33B99 /* jcapistd.c */,
				30361EF71DA0506D00A33B99 /* jcarith.c */,
				30361EF81DA0506D00A33B99 /* jccoefct.c */,
				30361EF91DA0506D00A33B99 /* jccolor.c */,
				30361EFA1DA0506D00A33B99 /* jcdctmgr.c */,
				30361EFB1DA0506D00A33B99 /* jchuff.c */,
				30361EFC1DA0506D00A33B99 /* jcinit.c */,
				30361EFD1DA0506D00A33B99 /* jcmainct.c */,
				30361EFE1DA0506D00A33B99 /* jcmarker.c */,
				30361EFF1DA0506D00A33B99 /* jcmaster.c */,
				30361F001DA0506D00A33B99 /* jcomapi.c */,
				30361F011DA0506D00A33B99 /* jconfig.h */,
				30361F021DA0506D00A33B99 /* jcparam.c */,
				30361F031DA0506D00A33B99 /* jcprepct.c */,
				30361F041DA0506D00A33B99 /* jcsample.c */,
				30361F051DA0506D00A33B99 /* jctrans.c */,
				30361F061DA0506D00A33B99 /* jdapimin.c */,
				30361F071DA0506D00A33B99 /* jdapistd.c */,
				30361F081DA0506D00A33B99 /* jdarith.c */,
				30361F091DA0506D00A33B99 /* jdatadst.c */,
				30361F0A1DA0506D00A33B99 /* jdatasrc.c */,
				30361F0B1DA0506D00A33B99 /* jdcoefct.c */,
				30361F0C1DA0506D00A33B99 /* jdcolor.c */,
				30361F0D1DA0506D00A33B99 /* jdct.h */,
				30361F0E1DA0506D00A33B99 /* jddctmgr.c */,
				30361F0F1DA0506D00A33B99 /* jdhuff.c */,
				30361F101DA0506D00A33B99 /* jdinput.c */,
				30361F111DA0506D00A33B99 /* jdmainct.c */,
				30361F121DA0506D00A33B99 /* jdmarker.c */,
				30361F131DA0506D00A33B99 /* jdmaster.c */,
				30361F141DA0506D00A33B99 /* jdmerge.c */,
				30361F151DA0506D00A33B99 /* jdpostct.c */,
				30361F161DA0506D00A33B99 /* jdsample.c */,
				30361F171DA0506D00A33B99 /* jdtrans.c */,
				30361F181DA0506D00A33B99 /* jerror.c */,
				30361F191DA0506D00A33B99 /* jerror.h */,
				30361F1A1DA0506D00A33B99 /* jfdctflt.c */,
				30361F1B1DA0506D00A33B99 /* jfdctfst.c */,
				30361F1C1DA0506D00A33B99 /* jfdctint.c */,
				30361F1D1DA0506D00A33B99 /* jidctflt.c */,
				30361F1E1DA0506D00A33B99 /* jidctfst.c */,
				30361F1F1DA0506D00A33B99 /* jidctint.c */,
				30361F201DA0506D00A33B99 /* jinclude.h */,
				30361F211DA0506D00A33B99 /* jmemansi.c */,
				30361F221DA0506D00A33B99 /* jmemmgr.c */,
				30361F231DA0506D00A33B99 /* jmemsys.h */,
				30361F241DA0506D00A33B99 /* jmorecfg.h */,
				30361F251DA0506D00A33B99 /* jpegint.h */,
				30361F261DA0506D00A33B99 /* jpeglib.h */,
				30361F271DA0506D00A33B99 /* jquant1.c */,
				30361F281DA0506D00A33B99 /* jquant2.c */,
				30361F291DA0506D00A33B99 /* jutils.c */,
				30361F2A1DA0506D00A33B99 /* jversion.h */,
				30361F2B1DA0506D00A33B99 /* png.c */,
				30361F2C1DA0506D00A33B99 /* png.h */,
				30361F2D1DA0506D00A33B99 /* pngconf.h */,
				30361F2E1DA0506D00A33B99 /* pngdebug.h */,
				30361F2F1DA0506D00A33B99 /* pngerror.c */,
				30361F301DA0506D00A33B99 /* pngget.c */,
				30361F311DA0506D00A33B99 /* pnginfo.h */,
				30361F321DA0506D00A33B99 /* pnglibconf.h */,
				30361F331DA0506D00A33B99 /* pngmem.c */,
				30361F341DA0506D00A33B99 /* pngpread.c */,
				30361F351DA0506D00A33B99 /* pngpriv.h */,
				30361F361DA0506D00A33B99 /* pngread.c */,
				30361F371DA0506D00A33B99 /* pngrio.c */,
				30361F381DA0506D00A33B99 /* pngrtran.c */,
				30361F391DA0506D00A33B99 /* pngrutil.c */,
				30361F3A1DA0506D00A33B99 /* pngset.c */,
				30361F3B1DA0506D00A33B99 /* pngstruct.h */,
				30361F3C1DA0506D00A33B99 /* pngtrans.c */,
				30361F3D1DA0506D00A33B99 /* pngwio.c */,
				30361F3E1DA0506D00A33B99 /* pngwrite.c */,
				30361F3F1DA0506D00A33B99 /* pngwtran.c */,
				30361F401DA0506D00A33B99 /* pngwutil.c */,
			);
			path = ImageIO;
			sourceTree = "<group>";
		};
/* End PBXGroup section */

/* Begin PBXNativeTarget section */
		30361EB71DA04F4600A33B99 /* iOS-IMX-Project */ = {
			isa = PBXNativeTarget;
			buildConfigurationList = 30361ED81DA04F4600A33B99 /* Build configuration list for PBXNativeTarget "iOS-IMX-Project" */;
			buildPhases = (
				30361EB61DA04F4600A33B99 /* Resources */,
				30361ED71DA04F4600A33B99 /* Embed App Extensions */,
			);
			buildRules = (
			);
			dependencies = (
				30361EC51DA04F4600A33B99 /* PBXTargetDependency */,
			);
			name = "iOS-IMX-Project";
			productName = "iOS-IMX-Project";
			productReference = 30361EB81DA04F4600A33B99 /* iOS-IMX-Project.app */;
			productType = "com.apple.product-type.application.messages";
		};
		30361EC11DA04F4600A33B99 /* MessagesExtension */ = {
			isa = PBXNativeTarget;
			buildConfigurationList = 30361ED41DA04F4600A33B99 /* Build configuration list for PBXNativeTarget "MessagesExtension" */;
			buildPhases = (
				30361F7E1DA050D100A33B99 /* Compile Rogue */,
				30361EBE1DA04F4600A33B99 /* Sources */,
				30361EBF1DA04F4600A33B99 /* Frameworks */,
				30361EC01DA04F4600A33B99 /* Resources */,
			);
			buildRules = (
			);
			dependencies = (
				30361F891DA052DD00A33B99 /* PBXTargetDependency */,
			);
			name = MessagesExtension;
			productName = MessagesExtension;
			productReference = 30361EC21DA04F4600A33B99 /* MessagesExtension.appex */;
			productType = "com.apple.product-type.app-extension.messages";
		};
		30361EE91DA0503400A33B99 /* ImageIO */ = {
			isa = PBXNativeTarget;
			buildConfigurationList = 30361EF01DA0503400A33B99 /* Build configuration list for PBXNativeTarget "ImageIO" */;
			buildPhases = (
				30361EE61DA0503400A33B99 /* Sources */,
				30361EE71DA0503400A33B99 /* Frameworks */,
				30361EE81DA0503400A33B99 /* CopyFiles */,
			);
			buildRules = (
			);
			dependencies = (
			);
			name = ImageIO;
			productName = ImageIO;
			productReference = 30361EEA1DA0503400A33B99 /* libImageIO.a */;
			productType = "com.apple.product-type.library.static";
		};
/* End PBXNativeTarget section */

/* Begin PBXProject section */
		30361EB21DA04F4600A33B99 /* Project object */ = {
			isa = PBXProject;
			attributes = {
				LastSwiftUpdateCheck = 0800;
				LastUpgradeCheck = 0800;
				ORGANIZATIONNAME = Plasmaworks;
				TargetAttributes = {
					30361EB71DA04F4600A33B99 = {
						CreatedOnToolsVersion = 8.0;
						LastSwiftMigration = 0800;
						ProvisioningStyle = Automatic;
					};
					30361EC11DA04F4600A33B99 = {
						CreatedOnToolsVersion = 8.0;
						ProvisioningStyle = Automatic;
					};
					30361EE91DA0503400A33B99 = {
						CreatedOnToolsVersion = 8.0;
						ProvisioningStyle = Automatic;
					};
				};
			};
			buildConfigurationList = 30361EB51DA04F4600A33B99 /* Build configuration list for PBXProject "iOS-IMX-Project" */;
			compatibilityVersion = "Xcode 3.2";
			developmentRegion = English;
			hasScannedForEncodings = 0;
			knownRegions = (
				en,
				Base,
			);
			mainGroup = 30361EB11DA04F4600A33B99;
			productRefGroup = 30361EB91DA04F4600A33B99 /* Products */;
			projectDirPath = "";
			projectRoot = "";
			targets = (
				30361EB71DA04F4600A33B99 /* iOS-IMX-Project */,
				30361EC11DA04F4600A33B99 /* MessagesExtension */,
				30361EE91DA0503400A33B99 /* ImageIO */,
			);
		};
/* End PBXProject section */

/* Begin PBXResourcesBuildPhase section */
		30361EB61DA04F4600A33B99 /* Resources */ = {
			isa = PBXResourcesBuildPhase;
			buildActionMask = 2147483647;
			files = (
				30361EBC1DA04F4600A33B99 /* Assets.xcassets in Resources */,
				30361EE51DA0501400A33B99 /* Assets in Resources */,
			);
			runOnlyForDeploymentPostprocessing = 0;
		};
		30361EC01DA04F4600A33B99 /* Resources */ = {
			isa = PBXResourcesBuildPhase;
			buildActionMask = 2147483647;
			files = (
				30361F7F1DA0511E00A33B99 /* Assets in Resources */,
				30361ED01DA04F4600A33B99 /* Assets.xcassets in Resources */,
				30361ECE1DA04F4600A33B99 /* MainInterface.storyboard in Resources */,
			);
			runOnlyForDeploymentPostprocessing = 0;
		};
/* End PBXResourcesBuildPhase section */

/* Begin PBXShellScriptBuildPhase section */
		30361F7E1DA050D100A33B99 /* Compile Rogue */ = {
			isa = PBXShellScriptBuildPhase;
			buildActionMask = 2147483647;
			files = (
			);
			inputPaths = (
			);
			name = "Compile Rogue";
			outputPaths = (
			);
			runOnlyForDeploymentPostprocessing = 0;
			shellPath = /bin/sh;
			shellScript = "env -i PATH=/usr/local/bin:/usr/bin:/bin:/usr/sbin:/sbin make -C ../.. ios\n";
			showEnvVarsInLog = 0;
		};
/* End PBXShellScriptBuildPhase section */

/* Begin PBXSourcesBuildPhase section */
		30361EBE1DA04F4600A33B99 /* Sources */ = {
			isa = PBXSourcesBuildPhase;
			buildActionMask = 2147483647;
			files = (
				30361ECB1DA04F4600A33B99 /* MessagesViewController.swift in Sources */,
				30361F801DA0522F00A33B99 /* Plasmacore.swift in Sources */,
				30361F811DA0522F00A33B99 /* PlasmacoreMessage.swift in Sources */,
				30361F821DA0522F00A33B99 /* PlasmacoreViewController-iOS.swift in Sources */,
				30361F841DA0522F00A33B99 /* RogueInterface.mm in Sources */,
				30361F851DA0522F00A33B99 /* RogueProgram.cpp in Sources */,
			);
			runOnlyForDeploymentPostprocessing = 0;
		};
		30361EE61DA0503400A33B99 /* Sources */ = {
			isa = PBXSourcesBuildPhase;
			buildActionMask = 2147483647;
			files = (
				30361F491DA0506D00A33B99 /* jcinit.c in Sources */,
				30361F461DA0506D00A33B99 /* jccolor.c in Sources */,
				30361F751DA0506D00A33B99 /* pngrio.c in Sources */,
				30361F621DA0506D00A33B99 /* jdtrans.c in Sources */,
				30361F5A1DA0506D00A33B99 /* jdhuff.c in Sources */,
				30361F4D1DA0506D00A33B99 /* jcomapi.c in Sources */,
				30361F561DA0506D00A33B99 /* jdatasrc.c in Sources */,
				30361F681DA0506D00A33B99 /* jidctfst.c in Sources */,
				30361F471DA0506D00A33B99 /* jcdctmgr.c in Sources */,
				30361F791DA0506D00A33B99 /* pngtrans.c in Sources */,
				30361F6E1DA0506D00A33B99 /* jutils.c in Sources */,
				30361F601DA0506D00A33B99 /* jdpostct.c in Sources */,
				30361F5B1DA0506D00A33B99 /* jdinput.c in Sources */,
				30361F531DA0506D00A33B99 /* jdapistd.c in Sources */,
				30361F771DA0506D00A33B99 /* pngrutil.c in Sources */,
				30361F7D1DA0506D00A33B99 /* pngwutil.c in Sources */,
				30361F451DA0506D00A33B99 /* jccoefct.c in Sources */,
				30361F721DA0506D00A33B99 /* pngmem.c in Sources */,
				30361F4A1DA0506D00A33B99 /* jcmainct.c in Sources */,
				30361F641DA0506D00A33B99 /* jfdctflt.c in Sources */,
				30361F731DA0506D00A33B99 /* pngpread.c in Sources */,
				30361F661DA0506D00A33B99 /* jfdctint.c in Sources */,
				30361F421DA0506D00A33B99 /* jcapimin.c in Sources */,
				30361F631DA0506D00A33B99 /* jerror.c in Sources */,
				30361F411DA0506D00A33B99 /* jaricom.c in Sources */,
				30361F671DA0506D00A33B99 /* jidctflt.c in Sources */,
				30361F4E1DA0506D00A33B99 /* jcparam.c in Sources */,
				30361F5F1DA0506D00A33B99 /* jdmerge.c in Sources */,
				30361F5E1DA0506D00A33B99 /* jdmaster.c in Sources */,
				30361F7C1DA0506D00A33B99 /* pngwtran.c in Sources */,
				30361F4F1DA0506D00A33B99 /* jcprepct.c in Sources */,
				30361F501DA0506D00A33B99 /* jcsample.c in Sources */,
				30361F741DA0506D00A33B99 /* pngread.c in Sources */,
				30361F591DA0506D00A33B99 /* jddctmgr.c in Sources */,
				30361F691DA0506D00A33B99 /* jidctint.c in Sources */,
				30361F7A1DA0506D00A33B99 /* pngwio.c in Sources */,
				30361F761DA0506D00A33B99 /* pngrtran.c in Sources */,
				30361F571DA0506D00A33B99 /* jdcoefct.c in Sources */,
				30361F431DA0506D00A33B99 /* jcapistd.c in Sources */,
				30361F581DA0506D00A33B99 /* jdcolor.c in Sources */,
				30361F4C1DA0506D00A33B99 /* jcmaster.c in Sources */,
				30361F5D1DA0506D00A33B99 /* jdmarker.c in Sources */,
				30361F611DA0506D00A33B99 /* jdsample.c in Sources */,
				30361F441DA0506D00A33B99 /* jcarith.c in Sources */,
				30361F6D1DA0506D00A33B99 /* jquant2.c in Sources */,
				30361F5C1DA0506D00A33B99 /* jdmainct.c in Sources */,
				30361F781DA0506D00A33B99 /* pngset.c in Sources */,
				30361F711DA0506D00A33B99 /* pngget.c in Sources */,
				30361F6F1DA0506D00A33B99 /* png.c in Sources */,
				30361F4B1DA0506D00A33B99 /* jcmarker.c in Sources */,
				30361F541DA0506D00A33B99 /* jdarith.c in Sources */,
				30361F6B1DA0506D00A33B99 /* jmemmgr.c in Sources */,
				30361F521DA0506D00A33B99 /* jdapimin.c in Sources */,
				30361F6C1DA0506D00A33B99 /* jquant1.c in Sources */,
				30361F701DA0506D00A33B99 /* pngerror.c in Sources */,
				30361F481DA0506D00A33B99 /* jchuff.c in Sources */,
				30361F511DA0506D00A33B99 /* jctrans.c in Sources */,
				30361F6A1DA0506D00A33B99 /* jmemansi.c in Sources */,
				30361F551DA0506D00A33B99 /* jdatadst.c in Sources */,
				30361F651DA0506D00A33B99 /* jfdctfst.c in Sources */,
				30361F7B1DA0506D00A33B99 /* pngwrite.c in Sources */,
			);
			runOnlyForDeploymentPostprocessing = 0;
		};
/* End PBXSourcesBuildPhase section */

/* Begin PBXTargetDependency section */
		30361EC51DA04F4600A33B99 /* PBXTargetDependency */ = {
			isa = PBXTargetDependency;
			target = 30361EC11DA04F4600A33B99 /* MessagesExtension */;
			targetProxy = 30361EC41DA04F4600A33B99 /* PBXContainerItemProxy */;
		};
		30361F891DA052DD00A33B99 /* PBXTargetDependency */ = {
			isa = PBXTargetDependency;
			target = 30361EE91DA0503400A33B99 /* ImageIO */;
			targetProxy = 30361F881DA052DD00A33B99 /* PBXContainerItemProxy */;
		};
/* End PBXTargetDependency section */

/* Begin PBXVariantGroup section */
		30361ECC1DA04F4600A33B99 /* MainInterface.storyboard */ = {
			isa = PBXVariantGroup;
			children = (
				30361ECD1DA04F4600A33B99 /* Base */,
			);
			name = MainInterface.storyboard;
			sourceTree = "<group>";
		};
/* End PBXVariantGroup section */

/* Begin XCBuildConfiguration section */
		30361ED21DA04F4600A33B99 /* Debug */ = {
			isa = XCBuildConfiguration;
			buildSettings = {
				ALWAYS_SEARCH_USER_PATHS = NO;
				CLANG_ANALYZER_NONNULL = YES;
				CLANG_CXX_LANGUAGE_STANDARD = "gnu++0x";
				CLANG_CXX_LIBRARY = "libc++";
				CLANG_ENABLE_MODULES = YES;
				CLANG_ENABLE_OBJC_ARC = YES;
				CLANG_WARN_BOOL_CONVERSION = YES;
				CLANG_WARN_CONSTANT_CONVERSION = YES;
				CLANG_WARN_DIRECT_OBJC_ISA_USAGE = YES_ERROR;
				CLANG_WARN_DOCUMENTATION_COMMENTS = YES;
				CLANG_WARN_EMPTY_BODY = YES;
				CLANG_WARN_ENUM_CONVERSION = YES;
				CLANG_WARN_INFINITE_RECURSION = YES;
				CLANG_WARN_INT_CONVERSION = YES;
				CLANG_WARN_OBJC_ROOT_CLASS = YES_ERROR;
				CLANG_WARN_SUSPICIOUS_MOVES = YES;
				CLANG_WARN_UNREACHABLE_CODE = YES;
				CLANG_WARN__DUPLICATE_METHOD_MATCH = YES;
				"CODE_SIGN_IDENTITY[sdk=iphoneos*]" = "iPhone Developer";
				COPY_PHASE_STRIP = NO;
				DEBUG_INFORMATION_FORMAT = dwarf;
				ENABLE_STRICT_OBJC_MSGSEND = YES;
				ENABLE_TESTABILITY = YES;
				GCC_C_LANGUAGE_STANDARD = gnu99;
				GCC_DYNAMIC_NO_PIC = NO;
				GCC_NO_COMMON_BLOCKS = YES;
				GCC_OPTIMIZATION_LEVEL = 0;
				GCC_PREPROCESSOR_DEFINITIONS = (
					"DEBUG=1",
					"$(inherited)",
				);
				GCC_WARN_64_TO_32_BIT_CONVERSION = YES;
				GCC_WARN_ABOUT_RETURN_TYPE = YES_ERROR;
				GCC_WARN_UNDECLARED_SELECTOR = YES;
				GCC_WARN_UNINITIALIZED_AUTOS = YES_AGGRESSIVE;
				GCC_WARN_UNUSED_FUNCTION = YES;
				GCC_WARN_UNUSED_VARIABLE = YES;
				IPHONEOS_DEPLOYMENT_TARGET = 10.0;
				MTL_ENABLE_DEBUG_INFO = YES;
				ONLY_ACTIVE_ARCH = YES;
				SDKROOT = iphoneos;
				SWIFT_ACTIVE_COMPILATION_CONDITIONS = DEBUG;
				SWIFT_OPTIMIZATION_LEVEL = "-Onone";
			};
			name = Debug;
		};
		30361ED31DA04F4600A33B99 /* Release */ = {
			isa = XCBuildConfiguration;
			buildSettings = {
				ALWAYS_SEARCH_USER_PATHS = NO;
				CLANG_ANALYZER_NONNULL = YES;
				CLANG_CXX_LANGUAGE_STANDARD = "gnu++0x";
				CLANG_CXX_LIBRARY = "libc++";
				CLANG_ENABLE_MODULES = YES;
				CLANG_ENABLE_OBJC_ARC = YES;
				CLANG_WARN_BOOL_CONVERSION = YES;
				CLANG_WARN_CONSTANT_CONVERSION = YES;
				CLANG_WARN_DIRECT_OBJC_ISA_USAGE = YES_ERROR;
				CLANG_WARN_DOCUMENTATION_COMMENTS = YES;
				CLANG_WARN_EMPTY_BODY = YES;
				CLANG_WARN_ENUM_CONVERSION = YES;
				CLANG_WARN_INFINITE_RECURSION = YES;
				CLANG_WARN_INT_CONVERSION = YES;
				CLANG_WARN_OBJC_ROOT_CLASS = YES_ERROR;
				CLANG_WARN_SUSPICIOUS_MOVES = YES;
				CLANG_WARN_UNREACHABLE_CODE = YES;
				CLANG_WARN__DUPLICATE_METHOD_MATCH = YES;
				"CODE_SIGN_IDENTITY[sdk=iphoneos*]" = "iPhone Developer";
				COPY_PHASE_STRIP = NO;
				DEBUG_INFORMATION_FORMAT = "dwarf-with-dsym";
				ENABLE_NS_ASSERTIONS = NO;
				ENABLE_STRICT_OBJC_MSGSEND = YES;
				GCC_C_LANGUAGE_STANDARD = gnu99;
				GCC_NO_COMMON_BLOCKS = YES;
				GCC_WARN_64_TO_32_BIT_CONVERSION = YES;
				GCC_WARN_ABOUT_RETURN_TYPE = YES_ERROR;
				GCC_WARN_UNDECLARED_SELECTOR = YES;
				GCC_WARN_UNINITIALIZED_AUTOS = YES_AGGRESSIVE;
				GCC_WARN_UNUSED_FUNCTION = YES;
				GCC_WARN_UNUSED_VARIABLE = YES;
				IPHONEOS_DEPLOYMENT_TARGET = 10.0;
				MTL_ENABLE_DEBUG_INFO = NO;
				SDKROOT = iphoneos;
				SWIFT_OPTIMIZATION_LEVEL = "-Owholemodule";
				VALIDATE_PRODUCT = YES;
			};
			name = Release;
		};
		30361ED51DA04F4600A33B99 /* Debug */ = {
			isa = XCBuildConfiguration;
			buildSettings = {
				ASSETCATALOG_COMPILER_APPICON_NAME = "iMessage App Icon";
				INFOPLIST_FILE = MessagesExtension/Info.plist;
				LD_RUNPATH_SEARCH_PATHS = "$(inherited) @executable_path/Frameworks @executable_path/../../Frameworks";
				PRODUCT_BUNDLE_IDENTIFIER = "com.plasmaworks.iOS-IMX-Project.MessagesExtension";
				PRODUCT_NAME = "$(TARGET_NAME)";
				SKIP_INSTALL = YES;
				SWIFT_OBJC_BRIDGING_HEADER = "iOS-IMX-Project-Bridging-Header.h";
				SWIFT_VERSION = 3.0;
			};
			name = Debug;
		};
		30361ED61DA04F4600A33B99 /* Release */ = {
			isa = XCBuildConfiguration;
			buildSettings = {
				ASSETCATALOG_COMPILER_APPICON_NAME = "iMessage App Icon";
				INFOPLIST_FILE = MessagesExtension/Info.plist;
				LD_RUNPATH_SEARCH_PATHS = "$(inherited) @executable_path/Frameworks @executable_path/../../Frameworks";
				PRODUCT_BUNDLE_IDENTIFIER = "com.plasmaworks.iOS-IMX-Project.MessagesExtension";
				PRODUCT_NAME = "$(TARGET_NAME)";
				SKIP_INSTALL = YES;
				SWIFT_OBJC_BRIDGING_HEADER = "iOS-IMX-Project-Bridging-Header.h";
				SWIFT_VERSION = 3.0;
			};
			name = Release;
		};
		30361ED91DA04F4600A33B99 /* Debug */ = {
			isa = XCBuildConfiguration;
			buildSettings = {
				ALWAYS_EMBED_SWIFT_STANDARD_LIBRARIES = YES;
				ASSETCATALOG_COMPILER_APPICON_NAME = AppIcon;
				CLANG_ENABLE_MODULES = YES;
				INFOPLIST_FILE = "iOS-IMX-Project/Info.plist";
				LD_RUNPATH_SEARCH_PATHS = "$(inherited) @executable_path/Frameworks @loader_path/Frameworks";
				PRODUCT_BUNDLE_IDENTIFIER = "com.plasmaworks.iOS-IMX-Project";
				PRODUCT_NAME = "$(TARGET_NAME)";
				SWIFT_OBJC_BRIDGING_HEADER = "iOS-IMX-Project-Bridging-Header.h";
				SWIFT_OPTIMIZATION_LEVEL = "-Onone";
				SWIFT_VERSION = 3.0;
				TARGETED_DEVICE_FAMILY = "1,2";
			};
			name = Debug;
		};
		30361EDA1DA04F4600A33B99 /* Release */ = {
			isa = XCBuildConfiguration;
			buildSettings = {
				ALWAYS_EMBED_SWIFT_STANDARD_LIBRARIES = YES;
				ASSETCATALOG_COMPILER_APPICON_NAME = AppIcon;
				CLANG_ENABLE_MODULES = YES;
				INFOPLIST_FILE = "iOS-IMX-Project/Info.plist";
				LD_RUNPATH_SEARCH_PATHS = "$(inherited) @executable_path/Frameworks @loader_path/Frameworks";
				PRODUCT_BUNDLE_IDENTIFIER = "com.plasmaworks.iOS-IMX-Project";
				PRODUCT_NAME = "$(TARGET_NAME)";
				SWIFT_OBJC_BRIDGING_HEADER = "iOS-IMX-Project-Bridging-Header.h";
				SWIFT_VERSION = 3.0;
				TARGETED_DEVICE_FAMILY = "1,2";
			};
			name = Release;
		};
		30361EF11DA0503400A33B99 /* Debug */ = {
			isa = XCBuildConfiguration;
			buildSettings = {
				GCC_PREPROCESSOR_DEFINITIONS = (
					"DEBUG=1",
					"$(inherited)",
					"PNG_ARM_NEON_OPT=0",
				);
				OTHER_LDFLAGS = "-ObjC";
				PRODUCT_NAME = "$(TARGET_NAME)";
				SKIP_INSTALL = YES;
			};
			name = Debug;
		};
		30361EF21DA0503400A33B99 /* Release */ = {
			isa = XCBuildConfiguration;
			buildSettings = {
				GCC_PREPROCESSOR_DEFINITIONS = "PNG_ARM_NEON_OPT=0";
				OTHER_LDFLAGS = "-ObjC";
				PRODUCT_NAME = "$(TARGET_NAME)";
				SKIP_INSTALL = YES;
			};
			name = Release;
		};
/* End XCBuildConfiguration section */

/* Begin XCConfigurationList section */
		30361EB51DA04F4600A33B99 /* Build configuration list for PBXProject "iOS-IMX-Project" */ = {
			isa = XCConfigurationList;
			buildConfigurations = (
				30361ED21DA04F4600A33B99 /* Debug */,
				30361ED31DA04F4600A33B99 /* Release */,
			);
			defaultConfigurationIsVisible = 0;
			defaultConfigurationName = Release;
		};
		30361ED41DA04F4600A33B99 /* Build configuration list for PBXNativeTarget "MessagesExtension" */ = {
			isa = XCConfigurationList;
			buildConfigurations = (
				30361ED51DA04F4600A33B99 /* Debug */,
				30361ED61DA04F4600A33B99 /* Release */,
			);
			defaultConfigurationIsVisible = 0;
			defaultConfigurationName = Release;
		};
		30361ED81DA04F4600A33B99 /* Build configuration list for PBXNativeTarget "iOS-IMX-Project" */ = {
			isa = XCConfigurationList;
			buildConfigurations = (
				30361ED91DA04F4600A33B99 /* Debug */,
				30361EDA1DA04F4600A33B99 /* Release */,
			);
			defaultConfigurationIsVisible = 0;
			defaultConfigurationName = Release;
		};
		30361EF01DA0503400A33B99 /* Build configuration list for PBXNativeTarget "ImageIO" */ = {
			isa = XCConfigurationList;
			buildConfigurations = (
				30361EF11DA0503400A33B99 /* Debug */,
				30361EF21DA0503400A33B99 /* Release */,
			);
			defaultConfigurationIsVisible = 0;
		};
/* End XCConfigurationList section */
	};
	rootObject = 30361EB21DA04F4600A33B99 /* Project object */;
}
