// !$*UTF8*$!
{
	archiveVersion = 1;
	classes = {
	};
	objectVersion = 46;
	objects = {

/* Begin PBXBuildFile section */
		308B600A1C960D1300F0E1DF /* AppDelegate.swift in Sources */ = {isa = PBXBuildFile; fileRef = 308B60091C960D1300F0E1DF /* AppDelegate.swift */; };
		308B600C1C960D1300F0E1DF /* Assets.xcassets in Resources */ = {isa = PBXBuildFile; fileRef = 308B600B1C960D1300F0E1DF /* Assets.xcassets */; };
		308B600F1C960D1300F0E1DF /* MainMenu.xib in Resources */ = {isa = PBXBuildFile; fileRef = 308B600D1C960D1300F0E1DF /* MainMenu.xib */; };
		30DB201B1C961732007347E0 /* Plasmacore.swift in Sources */ = {isa = PBXBuildFile; fileRef = 30DB201A1C961732007347E0 /* Plasmacore.swift */; };
		30DB201F1C961C00007347E0 /* RogueInterface.cpp in Sources */ = {isa = PBXBuildFile; fileRef = 30DB201D1C961C00007347E0 /* RogueInterface.cpp */; };
		30DB20211C962DAF007347E0 /* PlasmacoreMessage.swift in Sources */ = {isa = PBXBuildFile; fileRef = 30DB20201C962DAF007347E0 /* PlasmacoreMessage.swift */; };
/* End PBXBuildFile section */

/* Begin PBXFileReference section */
		308B60061C960D1300F0E1DF /* PlasmacoreStudio.app */ = {isa = PBXFileReference; explicitFileType = wrapper.application; includeInIndex = 0; path = PlasmacoreStudio.app; sourceTree = BUILT_PRODUCTS_DIR; };
		308B60091C960D1300F0E1DF /* AppDelegate.swift */ = {isa = PBXFileReference; lastKnownFileType = sourcecode.swift; path = AppDelegate.swift; sourceTree = "<group>"; };
		308B600B1C960D1300F0E1DF /* Assets.xcassets */ = {isa = PBXFileReference; lastKnownFileType = folder.assetcatalog; path = Assets.xcassets; sourceTree = "<group>"; };
		308B600E1C960D1300F0E1DF /* Base */ = {isa = PBXFileReference; lastKnownFileType = file.xib; name = Base; path = Base.lproj/MainMenu.xib; sourceTree = "<group>"; };
		308B60101C960D1300F0E1DF /* Info.plist */ = {isa = PBXFileReference; lastKnownFileType = text.plist.xml; path = Info.plist; sourceTree = "<group>"; };
		30DB201A1C961732007347E0 /* Plasmacore.swift */ = {isa = PBXFileReference; fileEncoding = 4; lastKnownFileType = sourcecode.swift; path = Plasmacore.swift; sourceTree = "<group>"; };
		30DB201C1C961C00007347E0 /* RogueBridgingHeader.h */ = {isa = PBXFileReference; fileEncoding = 4; lastKnownFileType = sourcecode.c.h; path = RogueBridgingHeader.h; sourceTree = "<group>"; };
		30DB201D1C961C00007347E0 /* RogueInterface.cpp */ = {isa = PBXFileReference; fileEncoding = 4; lastKnownFileType = sourcecode.cpp.cpp; path = RogueInterface.cpp; sourceTree = "<group>"; };
		30DB201E1C961C00007347E0 /* RogueInterface.h */ = {isa = PBXFileReference; fileEncoding = 4; lastKnownFileType = sourcecode.c.h; path = RogueInterface.h; sourceTree = "<group>"; };
		30DB20201C962DAF007347E0 /* PlasmacoreMessage.swift */ = {isa = PBXFileReference; fileEncoding = 4; lastKnownFileType = sourcecode.swift; path = PlasmacoreMessage.swift; sourceTree = "<group>"; };
/* End PBXFileReference section */

/* Begin PBXFrameworksBuildPhase section */
		308B60031C960D1300F0E1DF /* Frameworks */ = {
			isa = PBXFrameworksBuildPhase;
			buildActionMask = 2147483647;
			files = (
			);
			runOnlyForDeploymentPostprocessing = 0;
		};
/* End PBXFrameworksBuildPhase section */

/* Begin PBXGroup section */
		308B5FFD1C960D1300F0E1DF = {
			isa = PBXGroup;
			children = (
				308B60081C960D1300F0E1DF /* PlasmacoreStudio */,
				308B60071C960D1300F0E1DF /* Products */,
			);
			sourceTree = "<group>";
		};
		308B60071C960D1300F0E1DF /* Products */ = {
			isa = PBXGroup;
			children = (
				308B60061C960D1300F0E1DF /* PlasmacoreStudio.app */,
			);
			name = Products;
			sourceTree = "<group>";
		};
		308B60081C960D1300F0E1DF /* PlasmacoreStudio */ = {
			isa = PBXGroup;
			children = (
				30DB20201C962DAF007347E0 /* PlasmacoreMessage.swift */,
				30DB201C1C961C00007347E0 /* RogueBridgingHeader.h */,
				30DB201D1C961C00007347E0 /* RogueInterface.cpp */,
				30DB201E1C961C00007347E0 /* RogueInterface.h */,
				30DB201A1C961732007347E0 /* Plasmacore.swift */,
				308B60091C960D1300F0E1DF /* AppDelegate.swift */,
				308B600B1C960D1300F0E1DF /* Assets.xcassets */,
				308B600D1C960D1300F0E1DF /* MainMenu.xib */,
				308B60101C960D1300F0E1DF /* Info.plist */,
			);
			path = PlasmacoreStudio;
			sourceTree = "<group>";
		};
/* End PBXGroup section */

/* Begin PBXNativeTarget section */
		308B60051C960D1300F0E1DF /* PlasmacoreStudio */ = {
			isa = PBXNativeTarget;
			buildConfigurationList = 308B60131C960D1300F0E1DF /* Build configuration list for PBXNativeTarget "PlasmacoreStudio" */;
			buildPhases = (
				308B60021C960D1300F0E1DF /* Sources */,
				308B60031C960D1300F0E1DF /* Frameworks */,
				308B60041C960D1300F0E1DF /* Resources */,
			);
			buildRules = (
			);
			dependencies = (
			);
			name = PlasmacoreStudio;
			productName = PlasmacoreStudio;
			productReference = 308B60061C960D1300F0E1DF /* PlasmacoreStudio.app */;
			productType = "com.apple.product-type.application";
		};
/* End PBXNativeTarget section */

/* Begin PBXProject section */
		308B5FFE1C960D1300F0E1DF /* Project object */ = {
			isa = PBXProject;
			attributes = {
				LastSwiftUpdateCheck = 0720;
				LastUpgradeCheck = 0720;
				ORGANIZATIONNAME = "Abe Pralle";
				TargetAttributes = {
					308B60051C960D1300F0E1DF = {
						CreatedOnToolsVersion = 7.2.1;
					};
				};
			};
			buildConfigurationList = 308B60011C960D1300F0E1DF /* Build configuration list for PBXProject "PlasmacoreStudio" */;
			compatibilityVersion = "Xcode 3.2";
			developmentRegion = English;
			hasScannedForEncodings = 0;
			knownRegions = (
				en,
				Base,
			);
			mainGroup = 308B5FFD1C960D1300F0E1DF;
			productRefGroup = 308B60071C960D1300F0E1DF /* Products */;
			projectDirPath = "";
			projectRoot = "";
			targets = (
				308B60051C960D1300F0E1DF /* PlasmacoreStudio */,
			);
		};
/* End PBXProject section */

/* Begin PBXResourcesBuildPhase section */
		308B60041C960D1300F0E1DF /* Resources */ = {
			isa = PBXResourcesBuildPhase;
			buildActionMask = 2147483647;
			files = (
				308B600C1C960D1300F0E1DF /* Assets.xcassets in Resources */,
				308B600F1C960D1300F0E1DF /* MainMenu.xib in Resources */,
			);
			runOnlyForDeploymentPostprocessing = 0;
		};
/* End PBXResourcesBuildPhase section */

/* Begin PBXSourcesBuildPhase section */
		308B60021C960D1300F0E1DF /* Sources */ = {
			isa = PBXSourcesBuildPhase;
			buildActionMask = 2147483647;
			files = (
				30DB201B1C961732007347E0 /* Plasmacore.swift in Sources */,
				30DB201F1C961C00007347E0 /* RogueInterface.cpp in Sources */,
				30DB20211C962DAF007347E0 /* PlasmacoreMessage.swift in Sources */,
				308B600A1C960D1300F0E1DF /* AppDelegate.swift in Sources */,
			);
			runOnlyForDeploymentPostprocessing = 0;
		};
/* End PBXSourcesBuildPhase section */

/* Begin PBXVariantGroup section */
		308B600D1C960D1300F0E1DF /* MainMenu.xib */ = {
			isa = PBXVariantGroup;
			children = (
				308B600E1C960D1300F0E1DF /* Base */,
			);
			name = MainMenu.xib;
			sourceTree = "<group>";
		};
/* End PBXVariantGroup section */

/* Begin XCBuildConfiguration section */
		308B60111C960D1300F0E1DF /* Debug */ = {
			isa = XCBuildConfiguration;
			buildSettings = {
				ALWAYS_SEARCH_USER_PATHS = NO;
				CLANG_CXX_LANGUAGE_STANDARD = "gnu++0x";
				CLANG_CXX_LIBRARY = "libc++";
				CLANG_ENABLE_MODULES = YES;
				CLANG_ENABLE_OBJC_ARC = YES;
				CLANG_WARN_BOOL_CONVERSION = YES;
				CLANG_WARN_CONSTANT_CONVERSION = YES;
				CLANG_WARN_DIRECT_OBJC_ISA_USAGE = YES_ERROR;
				CLANG_WARN_EMPTY_BODY = YES;
				CLANG_WARN_ENUM_CONVERSION = YES;
				CLANG_WARN_INT_CONVERSION = YES;
				CLANG_WARN_OBJC_ROOT_CLASS = YES_ERROR;
				CLANG_WARN_UNREACHABLE_CODE = YES;
				CLANG_WARN__DUPLICATE_METHOD_MATCH = YES;
				CODE_SIGN_IDENTITY = "-";
				COPY_PHASE_STRIP = NO;
				DEBUG_INFORMATION_FORMAT = dwarf;
				ENABLE_STRICT_OBJC_MSGSEND = YES;
				ENABLE_TESTABILITY = YES;
				GCC_C_LANGUAGE_STANDARD = gnu99;
				GCC_DYNAMIC_NO_PIC = NO;
				GCC_NO_COMMON_BLOCKS = YES;
				GCC_OPTIMIZATION_LEVEL = 0;
				GCC_PREPROCESSOR_DEFINITIONS = (
					"DEBUG=1",
					"$(inherited)",
				);
				GCC_WARN_64_TO_32_BIT_CONVERSION = YES;
				GCC_WARN_ABOUT_RETURN_TYPE = YES_ERROR;
				GCC_WARN_UNDECLARED_SELECTOR = YES;
				GCC_WARN_UNINITIALIZED_AUTOS = YES_AGGRESSIVE;
				GCC_WARN_UNUSED_FUNCTION = YES;
				GCC_WARN_UNUSED_VARIABLE = YES;
				MACOSX_DEPLOYMENT_TARGET = 10.11;
				MTL_ENABLE_DEBUG_INFO = YES;
				ONLY_ACTIVE_ARCH = YES;
				SDKROOT = macosx;
				SWIFT_OPTIMIZATION_LEVEL = "-Onone";
			};
			name = Debug;
		};
		308B60121C960D1300F0E1DF /* Release */ = {
			isa = XCBuildConfiguration;
			buildSettings = {
				ALWAYS_SEARCH_USER_PATHS = NO;
				CLANG_CXX_LANGUAGE_STANDARD = "gnu++0x";
				CLANG_CXX_LIBRARY = "libc++";
				CLANG_ENABLE_MODULES = YES;
				CLANG_ENABLE_OBJC_ARC = YES;
				CLANG_WARN_BOOL_CONVERSION = YES;
				CLANG_WARN_CONSTANT_CONVERSION = YES;
				CLANG_WARN_DIRECT_OBJC_ISA_USAGE = YES_ERROR;
				CLANG_WARN_EMPTY_BODY = YES;
				CLANG_WARN_ENUM_CONVERSION = YES;
				CLANG_WARN_INT_CONVERSION = YES;
				CLANG_WARN_OBJC_ROOT_CLASS = YES_ERROR;
				CLANG_WARN_UNREACHABLE_CODE = YES;
				CLANG_WARN__DUPLICATE_METHOD_MATCH = YES;
				CODE_SIGN_IDENTITY = "-";
				COPY_PHASE_STRIP = NO;
				DEBUG_INFORMATION_FORMAT = "dwarf-with-dsym";
				ENABLE_NS_ASSERTIONS = NO;
				ENABLE_STRICT_OBJC_MSGSEND = YES;
				GCC_C_LANGUAGE_STANDARD = gnu99;
				GCC_NO_COMMON_BLOCKS = YES;
				GCC_WARN_64_TO_32_BIT_CONVERSION = YES;
				GCC_WARN_ABOUT_RETURN_TYPE = YES_ERROR;
				GCC_WARN_UNDECLARED_SELECTOR = YES;
				GCC_WARN_UNINITIALIZED_AUTOS = YES_AGGRESSIVE;
				GCC_WARN_UNUSED_FUNCTION = YES;
				GCC_WARN_UNUSED_VARIABLE = YES;
				MACOSX_DEPLOYMENT_TARGET = 10.11;
				MTL_ENABLE_DEBUG_INFO = NO;
				SDKROOT = macosx;
			};
			name = Release;
		};
		308B60141C960D1300F0E1DF /* Debug */ = {
			isa = XCBuildConfiguration;
			buildSettings = {
				ASSETCATALOG_COMPILER_APPICON_NAME = AppIcon;
				COMBINE_HIDPI_IMAGES = YES;
				INFOPLIST_FILE = PlasmacoreStudio/Info.plist;
				LD_RUNPATH_SEARCH_PATHS = "$(inherited) @executable_path/../Frameworks";
				PRODUCT_BUNDLE_IDENTIFIER = com.plasmaworks.PlasmacoreStudio;
				PRODUCT_NAME = "$(TARGET_NAME)";
				SWIFT_OBJC_BRIDGING_HEADER = PlasmacoreStudio/RogueBridgingHeader.h;
			};
			name = Debug;
		};
		308B60151C960D1300F0E1DF /* Release */ = {
			isa = XCBuildConfiguration;
			buildSettings = {
				ASSETCATALOG_COMPILER_APPICON_NAME = AppIcon;
				COMBINE_HIDPI_IMAGES = YES;
				INFOPLIST_FILE = PlasmacoreStudio/Info.plist;
				LD_RUNPATH_SEARCH_PATHS = "$(inherited) @executable_path/../Frameworks";
				PRODUCT_BUNDLE_IDENTIFIER = com.plasmaworks.PlasmacoreStudio;
				PRODUCT_NAME = "$(TARGET_NAME)";
				SWIFT_OBJC_BRIDGING_HEADER = PlasmacoreStudio/RogueBridgingHeader.h;
			};
			name = Release;
		};
/* End XCBuildConfiguration section */

/* Begin XCConfigurationList section */
		308B60011C960D1300F0E1DF /* Build configuration list for PBXProject "PlasmacoreStudio" */ = {
			isa = XCConfigurationList;
			buildConfigurations = (
				308B60111C960D1300F0E1DF /* Debug */,
				308B60121C960D1300F0E1DF /* Release */,
			);
			defaultConfigurationIsVisible = 0;
			defaultConfigurationName = Release;
		};
		308B60131C960D1300F0E1DF /* Build configuration list for PBXNativeTarget "PlasmacoreStudio" */ = {
			isa = XCConfigurationList;
			buildConfigurations = (
				308B60141C960D1300F0E1DF /* Debug */,
				308B60151C960D1300F0E1DF /* Release */,
			);
			defaultConfigurationIsVisible = 0;
			defaultConfigurationName = Release;
		};
/* End XCConfigurationList section */
	};
	rootObject = 308B5FFE1C960D1300F0E1DF /* Project object */;
}
